// !$*UTF8*$!
{
	archiveVersion = 1;
	classes = {
	};
	objectVersion = 50;
	objects = {

/* Begin PBXBuildFile section */
		6B61E5E421DE3CE600B39A33 /* RegistrationController.swift in Sources */ = {isa = PBXBuildFile; fileRef = 6B61E5E321DE3CE600B39A33 /* RegistrationController.swift */; };
		6B61E5E621DE537F00B39A33 /* CustomTextField.swift in Sources */ = {isa = PBXBuildFile; fileRef = 6B61E5E521DE537F00B39A33 /* CustomTextField.swift */; };
		6BC3DA5721C1AD0400D1312D /* AppDelegate.swift in Sources */ = {isa = PBXBuildFile; fileRef = 6BC3DA5621C1AD0400D1312D /* AppDelegate.swift */; };
		6BC3DA5921C1AD0400D1312D /* HomeController.swift in Sources */ = {isa = PBXBuildFile; fileRef = 6BC3DA5821C1AD0400D1312D /* HomeController.swift */; };
		6BC3DA5C21C1AD0400D1312D /* Main.storyboard in Resources */ = {isa = PBXBuildFile; fileRef = 6BC3DA5A21C1AD0400D1312D /* Main.storyboard */; };
		6BC3DA5E21C1AD0500D1312D /* Assets.xcassets in Resources */ = {isa = PBXBuildFile; fileRef = 6BC3DA5D21C1AD0500D1312D /* Assets.xcassets */; };
		6BC3DA6121C1AD0500D1312D /* LaunchScreen.storyboard in Resources */ = {isa = PBXBuildFile; fileRef = 6BC3DA5F21C1AD0500D1312D /* LaunchScreen.storyboard */; };
		6BC3DA6B21C1B32000D1312D /* Extensions+UIView.swift in Sources */ = {isa = PBXBuildFile; fileRef = 6BC3DA6A21C1B32000D1312D /* Extensions+UIView.swift */; };
		6BC3DA7B21C680F600D1312D /* HomeBottomControlsStackView.swift in Sources */ = {isa = PBXBuildFile; fileRef = 6BC3DA7A21C680F600D1312D /* HomeBottomControlsStackView.swift */; };
		6BC3DA7D21C6843F00D1312D /* TopNavigationStackView.swift in Sources */ = {isa = PBXBuildFile; fileRef = 6BC3DA7C21C6843F00D1312D /* TopNavigationStackView.swift */; };
		6BC3DA7F21C6F88E00D1312D /* CardView.swift in Sources */ = {isa = PBXBuildFile; fileRef = 6BC3DA7E21C6F88E00D1312D /* CardView.swift */; };
		6BE9297321DCDEBB00A44D04 /* User.swift in Sources */ = {isa = PBXBuildFile; fileRef = 6BE9297221DCDEBB00A44D04 /* User.swift */; };
		6BE9297721DD498F00A44D04 /* CardViewModel.swift in Sources */ = {isa = PBXBuildFile; fileRef = 6BE9297621DD498F00A44D04 /* CardViewModel.swift */; };
		6BE9297921DD4F6D00A44D04 /* Advertiser.swift in Sources */ = {isa = PBXBuildFile; fileRef = 6BE9297821DD4F6D00A44D04 /* Advertiser.swift */; };
/* End PBXBuildFile section */

/* Begin PBXFileReference section */
		6B61E5E321DE3CE600B39A33 /* RegistrationController.swift */ = {isa = PBXFileReference; lastKnownFileType = sourcecode.swift; path = RegistrationController.swift; sourceTree = "<group>"; };
		6B61E5E521DE537F00B39A33 /* CustomTextField.swift */ = {isa = PBXFileReference; lastKnownFileType = sourcecode.swift; path = CustomTextField.swift; sourceTree = "<group>"; };
		6BC3DA5321C1AD0400D1312D /* LikeTinder.app */ = {isa = PBXFileReference; explicitFileType = wrapper.application; includeInIndex = 0; path = LikeTinder.app; sourceTree = BUILT_PRODUCTS_DIR; };
		6BC3DA5621C1AD0400D1312D /* AppDelegate.swift */ = {isa = PBXFileReference; lastKnownFileType = sourcecode.swift; path = AppDelegate.swift; sourceTree = "<group>"; };
		6BC3DA5821C1AD0400D1312D /* HomeController.swift */ = {isa = PBXFileReference; lastKnownFileType = sourcecode.swift; path = HomeController.swift; sourceTree = "<group>"; };
		6BC3DA5B21C1AD0400D1312D /* Base */ = {isa = PBXFileReference; lastKnownFileType = file.storyboard; name = Base; path = Base.lproj/Main.storyboard; sourceTree = "<group>"; };
		6BC3DA5D21C1AD0500D1312D /* Assets.xcassets */ = {isa = PBXFileReference; lastKnownFileType = folder.assetcatalog; path = Assets.xcassets; sourceTree = "<group>"; };
		6BC3DA6021C1AD0500D1312D /* Base */ = {isa = PBXFileReference; lastKnownFileType = file.storyboard; name = Base; path = Base.lproj/LaunchScreen.storyboard; sourceTree = "<group>"; };
		6BC3DA6221C1AD0500D1312D /* Info.plist */ = {isa = PBXFileReference; lastKnownFileType = text.plist.xml; path = Info.plist; sourceTree = "<group>"; };
		6BC3DA6A21C1B32000D1312D /* Extensions+UIView.swift */ = {isa = PBXFileReference; fileEncoding = 4; lastKnownFileType = sourcecode.swift; path = "Extensions+UIView.swift"; sourceTree = "<group>"; };
		6BC3DA7A21C680F600D1312D /* HomeBottomControlsStackView.swift */ = {isa = PBXFileReference; lastKnownFileType = sourcecode.swift; path = HomeBottomControlsStackView.swift; sourceTree = "<group>"; };
		6BC3DA7C21C6843F00D1312D /* TopNavigationStackView.swift */ = {isa = PBXFileReference; lastKnownFileType = sourcecode.swift; path = TopNavigationStackView.swift; sourceTree = "<group>"; };
		6BC3DA7E21C6F88E00D1312D /* CardView.swift */ = {isa = PBXFileReference; lastKnownFileType = sourcecode.swift; path = CardView.swift; sourceTree = "<group>"; };
		6BE9297221DCDEBB00A44D04 /* User.swift */ = {isa = PBXFileReference; lastKnownFileType = sourcecode.swift; path = User.swift; sourceTree = "<group>"; };
		6BE9297621DD498F00A44D04 /* CardViewModel.swift */ = {isa = PBXFileReference; lastKnownFileType = sourcecode.swift; path = CardViewModel.swift; sourceTree = "<group>"; };
		6BE9297821DD4F6D00A44D04 /* Advertiser.swift */ = {isa = PBXFileReference; lastKnownFileType = sourcecode.swift; path = Advertiser.swift; sourceTree = "<group>"; };
/* End PBXFileReference section */

/* Begin PBXFrameworksBuildPhase section */
		6BC3DA5021C1AD0400D1312D /* Frameworks */ = {
			isa = PBXFrameworksBuildPhase;
			buildActionMask = 2147483647;
			files = (
			);
			runOnlyForDeploymentPostprocessing = 0;
		};
/* End PBXFrameworksBuildPhase section */

/* Begin PBXGroup section */
		6BC3DA4A21C1AD0400D1312D = {
			isa = PBXGroup;
			children = (
				6BC3DA5521C1AD0400D1312D /* LikeTinder */,
				6BC3DA5421C1AD0400D1312D /* Products */,
			);
			sourceTree = "<group>";
		};
		6BC3DA5421C1AD0400D1312D /* Products */ = {
			isa = PBXGroup;
			children = (
				6BC3DA5321C1AD0400D1312D /* LikeTinder.app */,
			);
			name = Products;
			sourceTree = "<group>";
		};
		6BC3DA5521C1AD0400D1312D /* LikeTinder */ = {
			isa = PBXGroup;
			children = (
				6BC3DA5621C1AD0400D1312D /* AppDelegate.swift */,
				6BE9297521DD497F00A44D04 /* ViewModels */,
				6BE9297121DCDEAE00A44D04 /* Model */,
				6BC3DA7921C680BA00D1312D /* Views */,
				6BE9297421DD48A300A44D04 /* Controllers */,
				6BC3DA6D21C1B34E00D1312D /* Extensions */,
				6BC3DA6C21C1B33000D1312D /* Supporting Files */,
				6BC3DA6221C1AD0500D1312D /* Info.plist */,
			);
			path = LikeTinder;
			sourceTree = "<group>";
		};
		6BC3DA6C21C1B33000D1312D /* Supporting Files */ = {
			isa = PBXGroup;
			children = (
				6BC3DA5A21C1AD0400D1312D /* Main.storyboard */,
				6BC3DA5D21C1AD0500D1312D /* Assets.xcassets */,
				6BC3DA5F21C1AD0500D1312D /* LaunchScreen.storyboard */,
			);
			path = "Supporting Files";
			sourceTree = "<group>";
		};
		6BC3DA6D21C1B34E00D1312D /* Extensions */ = {
			isa = PBXGroup;
			children = (
				6BC3DA6A21C1B32000D1312D /* Extensions+UIView.swift */,
			);
			path = Extensions;
			sourceTree = "<group>";
		};
		6BC3DA7921C680BA00D1312D /* Views */ = {
			isa = PBXGroup;
			children = (
				6BC3DA7C21C6843F00D1312D /* TopNavigationStackView.swift */,
				6BC3DA7A21C680F600D1312D /* HomeBottomControlsStackView.swift */,
				6BC3DA7E21C6F88E00D1312D /* CardView.swift */,
				6B61E5E521DE537F00B39A33 /* CustomTextField.swift */,
			);
			path = Views;
			sourceTree = "<group>";
		};
		6BE9297121DCDEAE00A44D04 /* Model */ = {
			isa = PBXGroup;
			children = (
				6BE9297221DCDEBB00A44D04 /* User.swift */,
				6BE9297821DD4F6D00A44D04 /* Advertiser.swift */,
			);
			path = Model;
			sourceTree = "<group>";
		};
		6BE9297421DD48A300A44D04 /* Controllers */ = {
			isa = PBXGroup;
			children = (
				6BC3DA5821C1AD0400D1312D /* HomeController.swift */,
				6B61E5E321DE3CE600B39A33 /* RegistrationController.swift */,
			);
			path = Controllers;
			sourceTree = "<group>";
		};
		6BE9297521DD497F00A44D04 /* ViewModels */ = {
			isa = PBXGroup;
			children = (
				6BE9297621DD498F00A44D04 /* CardViewModel.swift */,
			);
			path = ViewModels;
			sourceTree = "<group>";
		};
/* End PBXGroup section */

/* Begin PBXNativeTarget section */
		6BC3DA5221C1AD0400D1312D /* LikeTinder */ = {
			isa = PBXNativeTarget;
			buildConfigurationList = 6BC3DA6521C1AD0500D1312D /* Build configuration list for PBXNativeTarget "LikeTinder" */;
			buildPhases = (
				6BC3DA4F21C1AD0400D1312D /* Sources */,
				6BC3DA5021C1AD0400D1312D /* Frameworks */,
				6BC3DA5121C1AD0400D1312D /* Resources */,
			);
			buildRules = (
			);
			dependencies = (
			);
			name = LikeTinder;
			productName = LikeTinder;
			productReference = 6BC3DA5321C1AD0400D1312D /* LikeTinder.app */;
			productType = "com.apple.product-type.application";
		};
/* End PBXNativeTarget section */

/* Begin PBXProject section */
		6BC3DA4B21C1AD0400D1312D /* Project object */ = {
			isa = PBXProject;
			attributes = {
				LastSwiftUpdateCheck = 1010;
				LastUpgradeCheck = 1010;
				ORGANIZATIONNAME = "ivica petrsoric";
				TargetAttributes = {
					6BC3DA5221C1AD0400D1312D = {
						CreatedOnToolsVersion = 10.1;
					};
				};
			};
			buildConfigurationList = 6BC3DA4E21C1AD0400D1312D /* Build configuration list for PBXProject "LikeTinder" */;
			compatibilityVersion = "Xcode 9.3";
			developmentRegion = en;
			hasScannedForEncodings = 0;
			knownRegions = (
				en,
				Base,
			);
			mainGroup = 6BC3DA4A21C1AD0400D1312D;
			productRefGroup = 6BC3DA5421C1AD0400D1312D /* Products */;
			projectDirPath = "";
			projectRoot = "";
			targets = (
				6BC3DA5221C1AD0400D1312D /* LikeTinder */,
			);
		};
/* End PBXProject section */

/* Begin PBXResourcesBuildPhase section */
		6BC3DA5121C1AD0400D1312D /* Resources */ = {
			isa = PBXResourcesBuildPhase;
			buildActionMask = 2147483647;
			files = (
				6BC3DA6121C1AD0500D1312D /* LaunchScreen.storyboard in Resources */,
				6BC3DA5E21C1AD0500D1312D /* Assets.xcassets in Resources */,
				6BC3DA5C21C1AD0400D1312D /* Main.storyboard in Resources */,
			);
			runOnlyForDeploymentPostprocessing = 0;
		};
/* End PBXResourcesBuildPhase section */

/* Begin PBXSourcesBuildPhase section */
		6BC3DA4F21C1AD0400D1312D /* Sources */ = {
			isa = PBXSourcesBuildPhase;
			buildActionMask = 2147483647;
			files = (
				6BC3DA7D21C6843F00D1312D /* TopNavigationStackView.swift in Sources */,
				6B61E5E621DE537F00B39A33 /* CustomTextField.swift in Sources */,
				6BC3DA5921C1AD0400D1312D /* HomeController.swift in Sources */,
				6BE9297921DD4F6D00A44D04 /* Advertiser.swift in Sources */,
				6BC3DA7B21C680F600D1312D /* HomeBottomControlsStackView.swift in Sources */,
				6BC3DA5721C1AD0400D1312D /* AppDelegate.swift in Sources */,
				6BE9297721DD498F00A44D04 /* CardViewModel.swift in Sources */,
				6BC3DA7F21C6F88E00D1312D /* CardView.swift in Sources */,
				6BC3DA6B21C1B32000D1312D /* Extensions+UIView.swift in Sources */,
				6B61E5E421DE3CE600B39A33 /* RegistrationController.swift in Sources */,
				6BE9297321DCDEBB00A44D04 /* User.swift in Sources */,
			);
			runOnlyForDeploymentPostprocessing = 0;
		};
/* End PBXSourcesBuildPhase section */

/* Begin PBXVariantGroup section */
		6BC3DA5A21C1AD0400D1312D /* Main.storyboard */ = {
			isa = PBXVariantGroup;
			children = (
				6BC3DA5B21C1AD0400D1312D /* Base */,
			);
			name = Main.storyboard;
			sourceTree = "<group>";
		};
		6BC3DA5F21C1AD0500D1312D /* LaunchScreen.storyboard */ = {
			isa = PBXVariantGroup;
			children = (
				6BC3DA6021C1AD0500D1312D /* Base */,
			);
			name = LaunchScreen.storyboard;
			sourceTree = "<group>";
		};
/* End PBXVariantGroup section */

/* Begin XCBuildConfiguration section */
		6BC3DA6321C1AD0500D1312D /* Debug */ = {
			isa = XCBuildConfiguration;
			buildSettings = {
				ALWAYS_SEARCH_USER_PATHS = NO;
				CLANG_ANALYZER_NONNULL = YES;
				CLANG_ANALYZER_NUMBER_OBJECT_CONVERSION = YES_AGGRESSIVE;
				CLANG_CXX_LANGUAGE_STANDARD = "gnu++14";
				CLANG_CXX_LIBRARY = "libc++";
				CLANG_ENABLE_MODULES = YES;
				CLANG_ENABLE_OBJC_ARC = YES;
				CLANG_ENABLE_OBJC_WEAK = YES;
				CLANG_WARN_BLOCK_CAPTURE_AUTORELEASING = YES;
				CLANG_WARN_BOOL_CONVERSION = YES;
				CLANG_WARN_COMMA = YES;
				CLANG_WARN_CONSTANT_CONVERSION = YES;
				CLANG_WARN_DEPRECATED_OBJC_IMPLEMENTATIONS = YES;
				CLANG_WARN_DIRECT_OBJC_ISA_USAGE = YES_ERROR;
				CLANG_WARN_DOCUMENTATION_COMMENTS = YES;
				CLANG_WARN_EMPTY_BODY = YES;
				CLANG_WARN_ENUM_CONVERSION = YES;
				CLANG_WARN_INFINITE_RECURSION = YES;
				CLANG_WARN_INT_CONVERSION = YES;
				CLANG_WARN_NON_LITERAL_NULL_CONVERSION = YES;
				CLANG_WARN_OBJC_IMPLICIT_RETAIN_SELF = YES;
				CLANG_WARN_OBJC_LITERAL_CONVERSION = YES;
				CLANG_WARN_OBJC_ROOT_CLASS = YES_ERROR;
				CLANG_WARN_RANGE_LOOP_ANALYSIS = YES;
				CLANG_WARN_STRICT_PROTOTYPES = YES;
				CLANG_WARN_SUSPICIOUS_MOVE = YES;
				CLANG_WARN_UNGUARDED_AVAILABILITY = YES_AGGRESSIVE;
				CLANG_WARN_UNREACHABLE_CODE = YES;
				CLANG_WARN__DUPLICATE_METHOD_MATCH = YES;
				CODE_SIGN_IDENTITY = "iPhone Developer";
				COPY_PHASE_STRIP = NO;
				DEBUG_INFORMATION_FORMAT = dwarf;
				ENABLE_STRICT_OBJC_MSGSEND = YES;
				ENABLE_TESTABILITY = YES;
				GCC_C_LANGUAGE_STANDARD = gnu11;
				GCC_DYNAMIC_NO_PIC = NO;
				GCC_NO_COMMON_BLOCKS = YES;
				GCC_OPTIMIZATION_LEVEL = 0;
				GCC_PREPROCESSOR_DEFINITIONS = (
					"DEBUG=1",
					"$(inherited)",
				);
				GCC_WARN_64_TO_32_BIT_CONVERSION = YES;
				GCC_WARN_ABOUT_RETURN_TYPE = YES_ERROR;
				GCC_WARN_UNDECLARED_SELECTOR = YES;
				GCC_WARN_UNINITIALIZED_AUTOS = YES_AGGRESSIVE;
				GCC_WARN_UNUSED_FUNCTION = YES;
				GCC_WARN_UNUSED_VARIABLE = YES;
				IPHONEOS_DEPLOYMENT_TARGET = 12.1;
				MTL_ENABLE_DEBUG_INFO = INCLUDE_SOURCE;
				MTL_FAST_MATH = YES;
				ONLY_ACTIVE_ARCH = YES;
				SDKROOT = iphoneos;
				SWIFT_ACTIVE_COMPILATION_CONDITIONS = DEBUG;
				SWIFT_OPTIMIZATION_LEVEL = "-Onone";
			};
			name = Debug;
		};
		6BC3DA6421C1AD0500D1312D /* Release */ = {
			isa = XCBuildConfiguration;
			buildSettings = {
				ALWAYS_SEARCH_USER_PATHS = NO;
				CLANG_ANALYZER_NONNULL = YES;
				CLANG_ANALYZER_NUMBER_OBJECT_CONVERSION = YES_AGGRESSIVE;
				CLANG_CXX_LANGUAGE_STANDARD = "gnu++14";
				CLANG_CXX_LIBRARY = "libc++";
				CLANG_ENABLE_MODULES = YES;
				CLANG_ENABLE_OBJC_ARC = YES;
				CLANG_ENABLE_OBJC_WEAK = YES;
				CLANG_WARN_BLOCK_CAPTURE_AUTORELEASING = YES;
				CLANG_WARN_BOOL_CONVERSION = YES;
				CLANG_WARN_COMMA = YES;
				CLANG_WARN_CONSTANT_CONVERSION = YES;
				CLANG_WARN_DEPRECATED_OBJC_IMPLEMENTATIONS = YES;
				CLANG_WARN_DIRECT_OBJC_ISA_USAGE = YES_ERROR;
				CLANG_WARN_DOCUMENTATION_COMMENTS = YES;
				CLANG_WARN_EMPTY_BODY = YES;
				CLANG_WARN_ENUM_CONVERSION = YES;
				CLANG_WARN_INFINITE_RECURSION = YES;
				CLANG_WARN_INT_CONVERSION = YES;
				CLANG_WARN_NON_LITERAL_NULL_CONVERSION = YES;
				CLANG_WARN_OBJC_IMPLICIT_RETAIN_SELF = YES;
				CLANG_WARN_OBJC_LITERAL_CONVERSION = YES;
				CLANG_WARN_OBJC_ROOT_CLASS = YES_ERROR;
				CLANG_WARN_RANGE_LOOP_ANALYSIS = YES;
				CLANG_WARN_STRICT_PROTOTYPES = YES;
				CLANG_WARN_SUSPICIOUS_MOVE = YES;
				CLANG_WARN_UNGUARDED_AVAILABILITY = YES_AGGRESSIVE;
				CLANG_WARN_UNREACHABLE_CODE = YES;
				CLANG_WARN__DUPLICATE_METHOD_MATCH = YES;
				CODE_SIGN_IDENTITY = "iPhone Developer";
				COPY_PHASE_STRIP = NO;
				DEBUG_INFORMATION_FORMAT = "dwarf-with-dsym";
				ENABLE_NS_ASSERTIONS = NO;
				ENABLE_STRICT_OBJC_MSGSEND = YES;
				GCC_C_LANGUAGE_STANDARD = gnu11;
				GCC_NO_COMMON_BLOCKS = YES;
				GCC_WARN_64_TO_32_BIT_CONVERSION = YES;
				GCC_WARN_ABOUT_RETURN_TYPE = YES_ERROR;
				GCC_WARN_UNDECLARED_SELECTOR = YES;
				GCC_WARN_UNINITIALIZED_AUTOS = YES_AGGRESSIVE;
				GCC_WARN_UNUSED_FUNCTION = YES;
				GCC_WARN_UNUSED_VARIABLE = YES;
				IPHONEOS_DEPLOYMENT_TARGET = 12.1;
				MTL_ENABLE_DEBUG_INFO = NO;
				MTL_FAST_MATH = YES;
				SDKROOT = iphoneos;
				SWIFT_COMPILATION_MODE = wholemodule;
				SWIFT_OPTIMIZATION_LEVEL = "-O";
				VALIDATE_PRODUCT = YES;
			};
			name = Release;
		};
		6BC3DA6621C1AD0500D1312D /* Debug */ = {
			isa = XCBuildConfiguration;
			buildSettings = {
				ASSETCATALOG_COMPILER_APPICON_NAME = AppIcon;
				CODE_SIGN_STYLE = Automatic;
				DEVELOPMENT_TEAM = 74PDM76YJS;
				INFOPLIST_FILE = LikeTinder/Info.plist;
				IPHONEOS_DEPLOYMENT_TARGET = 11.0;
				LD_RUNPATH_SEARCH_PATHS = (
					"$(inherited)",
					"@executable_path/Frameworks",
				);
				PRODUCT_BUNDLE_IDENTIFIER = ivica.petrsoric.LikeTinder;
				PRODUCT_NAME = "$(TARGET_NAME)";
				SWIFT_VERSION = 4.2;
				TARGETED_DEVICE_FAMILY = "1,2";
			};
			name = Debug;
		};
		6BC3DA6721C1AD0500D1312D /* Release */ = {
			isa = XCBuildConfiguration;
			buildSettings = {
				ASSETCATALOG_COMPILER_APPICON_NAME = AppIcon;
				CODE_SIGN_STYLE = Automatic;
				DEVELOPMENT_TEAM = 74PDM76YJS;
				INFOPLIST_FILE = LikeTinder/Info.plist;
				IPHONEOS_DEPLOYMENT_TARGET = 11.0;
				LD_RUNPATH_SEARCH_PATHS = (
					"$(inherited)",
					"@executable_path/Frameworks",
				);
				PRODUCT_BUNDLE_IDENTIFIER = ivica.petrsoric.LikeTinder;
				PRODUCT_NAME = "$(TARGET_NAME)";
				SWIFT_VERSION = 4.2;
				TARGETED_DEVICE_FAMILY = "1,2";
			};
			name = Release;
		};
/* End XCBuildConfiguration section */

/* Begin XCConfigurationList section */
		6BC3DA4E21C1AD0400D1312D /* Build configuration list for PBXProject "LikeTinder" */ = {
			isa = XCConfigurationList;
			buildConfigurations = (
				6BC3DA6321C1AD0500D1312D /* Debug */,
				6BC3DA6421C1AD0500D1312D /* Release */,
			);
			defaultConfigurationIsVisible = 0;
			defaultConfigurationName = Release;
		};
		6BC3DA6521C1AD0500D1312D /* Build configuration list for PBXNativeTarget "LikeTinder" */ = {
			isa = XCConfigurationList;
			buildConfigurations = (
				6BC3DA6621C1AD0500D1312D /* Debug */,
				6BC3DA6721C1AD0500D1312D /* Release */,
			);
			defaultConfigurationIsVisible = 0;
			defaultConfigurationName = Release;
		};
/* End XCConfigurationList section */
	};
	rootObject = 6BC3DA4B21C1AD0400D1312D /* Project object */;
}
